PODS:
  - CleverTap-iOS-SDK (5.1.0):
    - SDWebImage (~> 5.11)

DEPENDENCIES:
  - CleverTap-iOS-SDK

SPEC REPOS:
  trunk:
    - CleverTap-iOS-SDK

SPEC CHECKSUMS:
  CleverTap-iOS-SDK: da6e2a954488264d0431167243200ff21d52512a

PODFILE CHECKSUM: 4e75a2c8dbdf697b9ee2f14745f54c56d1c0498d

COCOAPODS: 1.11.2
