// !$*UTF8*$!
{
	archiveVersion = 1;
	classes = {
	};
	objectVersion = 55;
	objects = {

/* Begin PBXBuildFile section */
		32B7A1812918D4DC008C9AA4 /* AppDelegate.swift in Sources */ = {isa = PBXBuildFile; fileRef = 32B7A1802918D4DC008C9AA4 /* AppDelegate.swift */; };
		32B7A1832918D4DC008C9AA4 /* ViewController.swift in Sources */ = {isa = PBXBuildFile; fileRef = 32B7A1822918D4DC008C9AA4 /* ViewController.swift */; };
		32B7A1862918D4DC008C9AA4 /* Main.storyboard in Resources */ = {isa = PBXBuildFile; fileRef = 32B7A1842918D4DC008C9AA4 /* Main.storyboard */; };
		32B7A1882918D4DE008C9AA4 /* Assets.xcassets in Resources */ = {isa = PBXBuildFile; fileRef = 32B7A1872918D4DE008C9AA4 /* Assets.xcassets */; };
		32B7A18B2918D4DE008C9AA4 /* LaunchScreen.storyboard in Resources */ = {isa = PBXBuildFile; fileRef = 32B7A1892918D4DE008C9AA4 /* LaunchScreen.storyboard */; };
		B8D65439B41D22445D4B44A7 /* Pods_AppleTVDemo.framework in Frameworks */ = {isa = PBXBuildFile; fileRef = 831EC2A1334A43A64AAA5333 /* Pods_AppleTVDemo.framework */; };
/* End PBXBuildFile section */

/* Begin PBXFileReference section */
		32790955299395D2001FE140 /* Info.plist */ = {isa = PBXFileReference; lastKnownFileType = text.plist; path = Info.plist; sourceTree = "<group>"; };
		32B7A17D2918D4DC008C9AA4 /* AppleTVDemo.app */ = {isa = PBXFileReference; explicitFileType = wrapper.application; includeInIndex = 0; path = AppleTVDemo.app; sourceTree = BUILT_PRODUCTS_DIR; };
		32B7A1802918D4DC008C9AA4 /* AppDelegate.swift */ = {isa = PBXFileReference; lastKnownFileType = sourcecode.swift; path = AppDelegate.swift; sourceTree = "<group>"; };
		32B7A1822918D4DC008C9AA4 /* ViewController.swift */ = {isa = PBXFileReference; lastKnownFileType = sourcecode.swift; path = ViewController.swift; sourceTree = "<group>"; };
		32B7A1852918D4DC008C9AA4 /* Base */ = {isa = PBXFileReference; lastKnownFileType = file.storyboard; name = Base; path = Base.lproj/Main.storyboard; sourceTree = "<group>"; };
		32B7A1872918D4DE008C9AA4 /* Assets.xcassets */ = {isa = PBXFileReference; lastKnownFileType = folder.assetcatalog; path = Assets.xcassets; sourceTree = "<group>"; };
		32B7A18A2918D4DE008C9AA4 /* Base */ = {isa = PBXFileReference; lastKnownFileType = file.storyboard; name = Base; path = Base.lproj/LaunchScreen.storyboard; sourceTree = "<group>"; };
		58D1E4BBBE897E84CF6AC545 /* Pods-AppleTVDemo.debug.xcconfig */ = {isa = PBXFileReference; includeInIndex = 1; lastKnownFileType = text.xcconfig; name = "Pods-AppleTVDemo.debug.xcconfig"; path = "Target Support Files/Pods-AppleTVDemo/Pods-AppleTVDemo.debug.xcconfig"; sourceTree = "<group>"; };
		831EC2A1334A43A64AAA5333 /* Pods_AppleTVDemo.framework */ = {isa = PBXFileReference; explicitFileType = wrapper.framework; includeInIndex = 0; path = Pods_AppleTVDemo.framework; sourceTree = BUILT_PRODUCTS_DIR; };
		A25FE02BA5CE253788D51522 /* Pods-AppleTVDemo.release.xcconfig */ = {isa = PBXFileReference; includeInIndex = 1; lastKnownFileType = text.xcconfig; name = "Pods-AppleTVDemo.release.xcconfig"; path = "Target Support Files/Pods-AppleTVDemo/Pods-AppleTVDemo.release.xcconfig"; sourceTree = "<group>"; };
/* End PBXFileReference section */

/* Begin PBXFrameworksBuildPhase section */
		32B7A17A2918D4DC008C9AA4 /* Frameworks */ = {
			isa = PBXFrameworksBuildPhase;
			buildActionMask = 2147483647;
			files = (
				B8D65439B41D22445D4B44A7 /* Pods_AppleTVDemo.framework in Frameworks */,
			);
			runOnlyForDeploymentPostprocessing = 0;
		};
/* End PBXFrameworksBuildPhase section */

/* Begin PBXGroup section */
		278A04562DB4D28C246AA6AE /* Frameworks */ = {
			isa = PBXGroup;
			children = (
				831EC2A1334A43A64AAA5333 /* Pods_AppleTVDemo.framework */,
			);
			name = Frameworks;
			sourceTree = "<group>";
		};
		32B7A1742918D4DC008C9AA4 = {
			isa = PBXGroup;
			children = (
				32B7A17F2918D4DC008C9AA4 /* AppleTVDemo */,
				32B7A17E2918D4DC008C9AA4 /* Products */,
				6AEBA2906F3636D10202FFE5 /* Pods */,
				278A04562DB4D28C246AA6AE /* Frameworks */,
			);
			sourceTree = "<group>";
		};
		32B7A17E2918D4DC008C9AA4 /* Products */ = {
			isa = PBXGroup;
			children = (
				32B7A17D2918D4DC008C9AA4 /* AppleTVDemo.app */,
			);
			name = Products;
			sourceTree = "<group>";
		};
		32B7A17F2918D4DC008C9AA4 /* AppleTVDemo */ = {
			isa = PBXGroup;
			children = (
				32790955299395D2001FE140 /* Info.plist */,
				32B7A1802918D4DC008C9AA4 /* AppDelegate.swift */,
				32B7A1822918D4DC008C9AA4 /* ViewController.swift */,
				32B7A1842918D4DC008C9AA4 /* Main.storyboard */,
				32B7A1872918D4DE008C9AA4 /* Assets.xcassets */,
				32B7A1892918D4DE008C9AA4 /* LaunchScreen.storyboard */,
			);
			path = AppleTVDemo;
			sourceTree = "<group>";
		};
		6AEBA2906F3636D10202FFE5 /* Pods */ = {
			isa = PBXGroup;
			children = (
				58D1E4BBBE897E84CF6AC545 /* Pods-AppleTVDemo.debug.xcconfig */,
				A25FE02BA5CE253788D51522 /* Pods-AppleTVDemo.release.xcconfig */,
			);
			path = Pods;
			sourceTree = "<group>";
		};
/* End PBXGroup section */

/* Begin PBXNativeTarget section */
		32B7A17C2918D4DC008C9AA4 /* AppleTVDemo */ = {
			isa = PBXNativeTarget;
			buildConfigurationList = 32B7A18E2918D4DE008C9AA4 /* Build configuration list for PBXNativeTarget "AppleTVDemo" */;
			buildPhases = (
				C1875073132461CDC1A32AD6 /* [CP] Check Pods Manifest.lock */,
				32B7A1792918D4DC008C9AA4 /* Sources */,
				32B7A17A2918D4DC008C9AA4 /* Frameworks */,
				32B7A17B2918D4DC008C9AA4 /* Resources */,
				179D75ADD798EE68A2B907CB /* [CP] Embed Pods Frameworks */,
			);
			buildRules = (
			);
			dependencies = (
			);
			name = AppleTVDemo;
			productName = AppleTVDemo;
			productReference = 32B7A17D2918D4DC008C9AA4 /* AppleTVDemo.app */;
			productType = "com.apple.product-type.application";
		};
/* End PBXNativeTarget section */

/* Begin PBXProject section */
		32B7A1752918D4DC008C9AA4 /* Project object */ = {
			isa = PBXProject;
			attributes = {
				BuildIndependentTargetsInParallel = 1;
				LastSwiftUpdateCheck = 1400;
				LastUpgradeCheck = 1400;
				TargetAttributes = {
					32B7A17C2918D4DC008C9AA4 = {
						CreatedOnToolsVersion = 14.0;
					};
				};
			};
			buildConfigurationList = 32B7A1782918D4DC008C9AA4 /* Build configuration list for PBXProject "AppleTVDemo" */;
			compatibilityVersion = "Xcode 13.0";
			developmentRegion = en;
			hasScannedForEncodings = 0;
			knownRegions = (
				en,
				Base,
			);
			mainGroup = 32B7A1742918D4DC008C9AA4;
			productRefGroup = 32B7A17E2918D4DC008C9AA4 /* Products */;
			projectDirPath = "";
			projectRoot = "";
			targets = (
				32B7A17C2918D4DC008C9AA4 /* AppleTVDemo */,
			);
		};
/* End PBXProject section */

/* Begin PBXResourcesBuildPhase section */
		32B7A17B2918D4DC008C9AA4 /* Resources */ = {
			isa = PBXResourcesBuildPhase;
			buildActionMask = 2147483647;
			files = (
				32B7A18B2918D4DE008C9AA4 /* LaunchScreen.storyboard in Resources */,
				32B7A1882918D4DE008C9AA4 /* Assets.xcassets in Resources */,
				32B7A1862918D4DC008C9AA4 /* Main.storyboard in Resources */,
			);
			runOnlyForDeploymentPostprocessing = 0;
		};
/* End PBXResourcesBuildPhase section */

/* Begin PBXShellScriptBuildPhase section */
		179D75ADD798EE68A2B907CB /* [CP] Embed Pods Frameworks */ = {
			isa = PBXShellScriptBuildPhase;
			buildActionMask = 2147483647;
			files = (
			);
			inputFileListPaths = (
				"${PODS_ROOT}/Target Support Files/Pods-AppleTVDemo/Pods-AppleTVDemo-frameworks-${CONFIGURATION}-input-files.xcfilelist",
			);
			name = "[CP] Embed Pods Frameworks";
			outputFileListPaths = (
				"${PODS_ROOT}/Target Support Files/Pods-AppleTVDemo/Pods-AppleTVDemo-frameworks-${CONFIGURATION}-output-files.xcfilelist",
			);
			runOnlyForDeploymentPostprocessing = 0;
			shellPath = /bin/sh;
			shellScript = "\"${PODS_ROOT}/Target Support Files/Pods-AppleTVDemo/Pods-AppleTVDemo-frameworks.sh\"\n";
			showEnvVarsInLog = 0;
		};
		C1875073132461CDC1A32AD6 /* [CP] Check Pods Manifest.lock */ = {
			isa = PBXShellScriptBuildPhase;
			buildActionMask = 2147483647;
			files = (
			);
			inputFileListPaths = (
			);
			inputPaths = (
				"${PODS_PODFILE_DIR_PATH}/Podfile.lock",
				"${PODS_ROOT}/Manifest.lock",
			);
			name = "[CP] Check Pods Manifest.lock";
			outputFileListPaths = (
			);
			outputPaths = (
				"$(DERIVED_FILE_DIR)/Pods-AppleTVDemo-checkManifestLockResult.txt",
			);
			runOnlyForDeploymentPostprocessing = 0;
			shellPath = /bin/sh;
			shellScript = "diff \"${PODS_PODFILE_DIR_PATH}/Podfile.lock\" \"${PODS_ROOT}/Manifest.lock\" > /dev/null\nif [ $? != 0 ] ; then\n    # print error to STDERR\n    echo \"error: The sandbox is not in sync with the Podfile.lock. Run 'pod install' or update your CocoaPods installation.\" >&2\n    exit 1\nfi\n# This output is used by Xcode 'outputs' to avoid re-running this script phase.\necho \"SUCCESS\" > \"${SCRIPT_OUTPUT_FILE_0}\"\n";
			showEnvVarsInLog = 0;
		};
/* End PBXShellScriptBuildPhase section */

/* Begin PBXSourcesBuildPhase section */
		32B7A1792918D4DC008C9AA4 /* Sources */ = {
			isa = PBXSourcesBuildPhase;
			buildActionMask = 2147483647;
			files = (
				32B7A1832918D4DC008C9AA4 /* ViewController.swift in Sources */,
				32B7A1812918D4DC008C9AA4 /* AppDelegate.swift in Sources */,
			);
			runOnlyForDeploymentPostprocessing = 0;
		};
/* End PBXSourcesBuildPhase section */

/* Begin PBXVariantGroup section */
		32B7A1842918D4DC008C9AA4 /* Main.storyboard */ = {
			isa = PBXVariantGroup;
			children = (
				32B7A1852918D4DC008C9AA4 /* Base */,
			);
			name = Main.storyboard;
			sourceTree = "<group>";
		};
		32B7A1892918D4DE008C9AA4 /* LaunchScreen.storyboard */ = {
			isa = PBXVariantGroup;
			children = (
				32B7A18A2918D4DE008C9AA4 /* Base */,
			);
			name = LaunchScreen.storyboard;
			sourceTree = "<group>";
		};
/* End PBXVariantGroup section */

/* Begin XCBuildConfiguration section */
		32B7A18C2918D4DE008C9AA4 /* Debug */ = {
			isa = XCBuildConfiguration;
			buildSettings = {
				ALWAYS_SEARCH_USER_PATHS = NO;
				CLANG_ANALYZER_NONNULL = YES;
				CLANG_ANALYZER_NUMBER_OBJECT_CONVERSION = YES_AGGRESSIVE;
				CLANG_CXX_LANGUAGE_STANDARD = "gnu++20";
				CLANG_ENABLE_MODULES = YES;
				CLANG_ENABLE_OBJC_ARC = YES;
				CLANG_ENABLE_OBJC_WEAK = YES;
				CLANG_WARN_BLOCK_CAPTURE_AUTORELEASING = YES;
				CLANG_WARN_BOOL_CONVERSION = YES;
				CLANG_WARN_COMMA = YES;
				CLANG_WARN_CONSTANT_CONVERSION = YES;
				CLANG_WARN_DEPRECATED_OBJC_IMPLEMENTATIONS = YES;
				CLANG_WARN_DIRECT_OBJC_ISA_USAGE = YES_ERROR;
				CLANG_WARN_DOCUMENTATION_COMMENTS = YES;
				CLANG_WARN_EMPTY_BODY = YES;
				CLANG_WARN_ENUM_CONVERSION = YES;
				CLANG_WARN_INFINITE_RECURSION = YES;
				CLANG_WARN_INT_CONVERSION = YES;
				CLANG_WARN_NON_LITERAL_NULL_CONVERSION = YES;
				CLANG_WARN_OBJC_IMPLICIT_RETAIN_SELF = YES;
				CLANG_WARN_OBJC_LITERAL_CONVERSION = YES;
				CLANG_WARN_OBJC_ROOT_CLASS = YES_ERROR;
				CLANG_WARN_QUOTED_INCLUDE_IN_FRAMEWORK_HEADER = YES;
				CLANG_WARN_RANGE_LOOP_ANALYSIS = YES;
				CLANG_WARN_STRICT_PROTOTYPES = YES;
				CLANG_WARN_SUSPICIOUS_MOVE = YES;
				CLANG_WARN_UNGUARDED_AVAILABILITY = YES_AGGRESSIVE;
				CLANG_WARN_UNREACHABLE_CODE = YES;
				CLANG_WARN__DUPLICATE_METHOD_MATCH = YES;
				COPY_PHASE_STRIP = NO;
				DEBUG_INFORMATION_FORMAT = dwarf;
				ENABLE_STRICT_OBJC_MSGSEND = YES;
				ENABLE_TESTABILITY = YES;
				GCC_C_LANGUAGE_STANDARD = gnu11;
				GCC_DYNAMIC_NO_PIC = NO;
				GCC_NO_COMMON_BLOCKS = YES;
				GCC_OPTIMIZATION_LEVEL = 0;
				GCC_PREPROCESSOR_DEFINITIONS = (
					"DEBUG=1",
					"$(inherited)",
				);
				GCC_WARN_64_TO_32_BIT_CONVERSION = YES;
				GCC_WARN_ABOUT_RETURN_TYPE = YES_ERROR;
				GCC_WARN_UNDECLARED_SELECTOR = YES;
				GCC_WARN_UNINITIALIZED_AUTOS = YES_AGGRESSIVE;
				GCC_WARN_UNUSED_FUNCTION = YES;
				GCC_WARN_UNUSED_VARIABLE = YES;
				MTL_ENABLE_DEBUG_INFO = INCLUDE_SOURCE;
				MTL_FAST_MATH = YES;
				ONLY_ACTIVE_ARCH = YES;
				SDKROOT = appletvos;
				SWIFT_ACTIVE_COMPILATION_CONDITIONS = DEBUG;
				SWIFT_OPTIMIZATION_LEVEL = "-Onone";
				TVOS_DEPLOYMENT_TARGET = 16.0;
			};
			name = Debug;
		};
		32B7A18D2918D4DE008C9AA4 /* Release */ = {
			isa = XCBuildConfiguration;
			buildSettings = {
				ALWAYS_SEARCH_USER_PATHS = NO;
				CLANG_ANALYZER_NONNULL = YES;
				CLANG_ANALYZER_NUMBER_OBJECT_CONVERSION = YES_AGGRESSIVE;
				CLANG_CXX_LANGUAGE_STANDARD = "gnu++20";
				CLANG_ENABLE_MODULES = YES;
				CLANG_ENABLE_OBJC_ARC = YES;
				CLANG_ENABLE_OBJC_WEAK = YES;
				CLANG_WARN_BLOCK_CAPTURE_AUTORELEASING = YES;
				CLANG_WARN_BOOL_CONVERSION = YES;
				CLANG_WARN_COMMA = YES;
				CLANG_WARN_CONSTANT_CONVERSION = YES;
				CLANG_WARN_DEPRECATED_OBJC_IMPLEMENTATIONS = YES;
				CLANG_WARN_DIRECT_OBJC_ISA_USAGE = YES_ERROR;
				CLANG_WARN_DOCUMENTATION_COMMENTS = YES;
				CLANG_WARN_EMPTY_BODY = YES;
				CLANG_WARN_ENUM_CONVERSION = YES;
				CLANG_WARN_INFINITE_RECURSION = YES;
				CLANG_WARN_INT_CONVERSION = YES;
				CLANG_WARN_NON_LITERAL_NULL_CONVERSION = YES;
				CLANG_WARN_OBJC_IMPLICIT_RETAIN_SELF = YES;
				CLANG_WARN_OBJC_LITERAL_CONVERSION = YES;
				CLANG_WARN_OBJC_ROOT_CLASS = YES_ERROR;
				CLANG_WARN_QUOTED_INCLUDE_IN_FRAMEWORK_HEADER = YES;
				CLANG_WARN_RANGE_LOOP_ANALYSIS = YES;
				CLANG_WARN_STRICT_PROTOTYPES = YES;
				CLANG_WARN_SUSPICIOUS_MOVE = YES;
				CLANG_WARN_UNGUARDED_AVAILABILITY = YES_AGGRESSIVE;
				CLANG_WARN_UNREACHABLE_CODE = YES;
				CLANG_WARN__DUPLICATE_METHOD_MATCH = YES;
				COPY_PHASE_STRIP = NO;
				DEBUG_INFORMATION_FORMAT = "dwarf-with-dsym";
				ENABLE_NS_ASSERTIONS = NO;
				ENABLE_STRICT_OBJC_MSGSEND = YES;
				GCC_C_LANGUAGE_STANDARD = gnu11;
				GCC_NO_COMMON_BLOCKS = YES;
				GCC_WARN_64_TO_32_BIT_CONVERSION = YES;
				GCC_WARN_ABOUT_RETURN_TYPE = YES_ERROR;
				GCC_WARN_UNDECLARED_SELECTOR = YES;
				GCC_WARN_UNINITIALIZED_AUTOS = YES_AGGRESSIVE;
				GCC_WARN_UNUSED_FUNCTION = YES;
				GCC_WARN_UNUSED_VARIABLE = YES;
				MTL_ENABLE_DEBUG_INFO = NO;
				MTL_FAST_MATH = YES;
				SDKROOT = appletvos;
				SWIFT_COMPILATION_MODE = wholemodule;
				SWIFT_OPTIMIZATION_LEVEL = "-O";
				TVOS_DEPLOYMENT_TARGET = 16.0;
				VALIDATE_PRODUCT = YES;
			};
			name = Release;
		};
		32B7A18F2918D4DE008C9AA4 /* Debug */ = {
			isa = XCBuildConfiguration;
			baseConfigurationReference = 58D1E4BBBE897E84CF6AC545 /* Pods-AppleTVDemo.debug.xcconfig */;
			buildSettings = {
				ASSETCATALOG_COMPILER_APPICON_NAME = "App Icon & Top Shelf Image";
				ASSETCATALOG_COMPILER_GLOBAL_ACCENT_COLOR_NAME = AccentColor;
				CODE_SIGN_STYLE = Automatic;
				CURRENT_PROJECT_VERSION = 1;
				DEVELOPMENT_TEAM = A5J34NR598;
				GENERATE_INFOPLIST_FILE = YES;
				INFOPLIST_FILE = AppleTVDemo/Info.plist;
				INFOPLIST_KEY_UILaunchStoryboardName = LaunchScreen;
				INFOPLIST_KEY_UIMainStoryboardFile = Main;
				INFOPLIST_KEY_UIUserInterfaceStyle = Automatic;
				LD_RUNPATH_SEARCH_PATHS = (
					"$(inherited)",
					"@executable_path/Frameworks",
				);
				MARKETING_VERSION = 1.0;
				PRODUCT_BUNDLE_IDENTIFIER = com.clevertap.AppleTVDemo;
				PRODUCT_NAME = "$(TARGET_NAME)";
				SWIFT_EMIT_LOC_STRINGS = YES;
				SWIFT_VERSION = 5.0;
				TARGETED_DEVICE_FAMILY = 3;
			};
			name = Debug;
		};
		32B7A1902918D4DE008C9AA4 /* Release */ = {
			isa = XCBuildConfiguration;
			baseConfigurationReference = A25FE02BA5CE253788D51522 /* Pods-AppleTVDemo.release.xcconfig */;
			buildSettings = {
				ASSETCATALOG_COMPILER_APPICON_NAME = "App Icon & Top Shelf Image";
				ASSETCATALOG_COMPILER_GLOBAL_ACCENT_COLOR_NAME = AccentColor;
				CODE_SIGN_STYLE = Automatic;
				CURRENT_PROJECT_VERSION = 1;
				DEVELOPMENT_TEAM = A5J34NR598;
				GENERATE_INFOPLIST_FILE = YES;
				INFOPLIST_FILE = AppleTVDemo/Info.plist;
				INFOPLIST_KEY_UILaunchStoryboardName = LaunchScreen;
				INFOPLIST_KEY_UIMainStoryboardFile = Main;
				INFOPLIST_KEY_UIUserInterfaceStyle = Automatic;
				LD_RUNPATH_SEARCH_PATHS = (
					"$(inherited)",
					"@executable_path/Frameworks",
				);
				MARKETING_VERSION = 1.0;
				PRODUCT_BUNDLE_IDENTIFIER = com.clevertap.AppleTVDemo;
				PRODUCT_NAME = "$(TARGET_NAME)";
				SWIFT_EMIT_LOC_STRINGS = YES;
				SWIFT_VERSION = 5.0;
				TARGETED_DEVICE_FAMILY = 3;
			};
			name = Release;
		};
/* End XCBuildConfiguration section */

/* Begin XCConfigurationList section */
		32B7A1782918D4DC008C9AA4 /* Build configuration list for PBXProject "AppleTVDemo" */ = {
			isa = XCConfigurationList;
			buildConfigurations = (
				32B7A18C2918D4DE008C9AA4 /* Debug */,
				32B7A18D2918D4DE008C9AA4 /* Release */,
			);
			defaultConfigurationIsVisible = 0;
			defaultConfigurationName = Release;
		};
		32B7A18E2918D4DE008C9AA4 /* Build configuration list for PBXNativeTarget "AppleTVDemo" */ = {
			isa = XCConfigurationList;
			buildConfigurations = (
				32B7A18F2918D4DE008C9AA4 /* Debug */,
				32B7A1902918D4DE008C9AA4 /* Release */,
			);
			defaultConfigurationIsVisible = 0;
			defaultConfigurationName = Release;
		};
/* End XCConfigurationList section */
	};
	rootObject = 32B7A1752918D4DC008C9AA4 /* Project object */;
}
